
Microsoft Visual Studio Solution File, Format Version 12.00
# Visual Studio 2012
Project("{FAE04EC0-301F-11D3-BF4B-00C04F79EFBC}") = "MovianRemote", "MovianRemote\MovianRemote.csproj", "{CD76821C-59BD-4A47-97E8-8CBD901768E5}"
EndProject
Project("{FAE04EC0-301F-11D3-BF4B-00C04F79EFBC}") = "MovianRemote.iOS", "iOS\MovianRemote.iOS.csproj", "{793C4A6A-FCBB-43B8-8654-30DF8F2CFE3C}"
EndProject
Project("{FAE04EC0-301F-11D3-BF4B-00C04F79EFBC}") = "MovianRemote.Android", "Android\MovianRemote.Android.csproj", "{47050962-8B05-4C87-9BAF-3B0EF4C55452}"
EndProject
Global
	GlobalSection(SolutionConfigurationPlatforms) = preSolution
		Debug|Any CPU = Debug|Any CPU
		Release|Any CPU = Release|Any CPU
		Debug|iPhoneSimulator = Debug|iPhoneSimulator
		Release|iPhoneSimulator = Release|iPhoneSimulator
		Debug|iPhone = Debug|iPhone
		Release|iPhone = Release|iPhone
		Ad-Hoc|iPhone = Ad-Hoc|iPhone
		AppStore|iPhone = AppStore|iPhone
	EndGlobalSection
	GlobalSection(ProjectConfigurationPlatforms) = postSolution
		{47050962-8B05-4C87-9BAF-3B0EF4C55452}.Ad-Hoc|iPhone.ActiveCfg = Debug|Any CPU
		{47050962-8B05-4C87-9BAF-3B0EF4C55452}.Ad-Hoc|iPhone.Build.0 = Debug|Any CPU
		{47050962-8B05-4C87-9BAF-3B0EF4C55452}.AppStore|iPhone.ActiveCfg = Debug|Any CPU
		{47050962-8B05-4C87-9BAF-3B0EF4C55452}.AppStore|iPhone.Build.0 = Debug|Any CPU
		{47050962-8B05-4C87-9BAF-3B0EF4C55452}.Debug|Any CPU.ActiveCfg = Debug|Any CPU
		{47050962-8B05-4C87-9BAF-3B0EF4C55452}.Debug|Any CPU.Build.0 = Debug|Any CPU
		{47050962-8B05-4C87-9BAF-3B0EF4C55452}.Debug|iPhone.ActiveCfg = Debug|Any CPU
		{47050962-8B05-4C87-9BAF-3B0EF4C55452}.Debug|iPhone.Build.0 = Debug|Any CPU
		{47050962-8B05-4C87-9BAF-3B0EF4C55452}.Debug|iPhoneSimulator.ActiveCfg = Debug|Any CPU
		{47050962-8B05-4C87-9BAF-3B0EF4C55452}.Debug|iPhoneSimulator.Build.0 = Debug|Any CPU
		{47050962-8B05-4C87-9BAF-3B0EF4C55452}.Release|Any CPU.ActiveCfg = Release|Any CPU
		{47050962-8B05-4C87-9BAF-3B0EF4C55452}.Release|Any CPU.Build.0 = Release|Any CPU
		{47050962-8B05-4C87-9BAF-3B0EF4C55452}.Release|iPhone.ActiveCfg = Release|Any CPU
		{47050962-8B05-4C87-9BAF-3B0EF4C55452}.Release|iPhone.Build.0 = Release|Any CPU
		{47050962-8B05-4C87-9BAF-3B0EF4C55452}.Release|iPhoneSimulator.ActiveCfg = Release|Any CPU
		{47050962-8B05-4C87-9BAF-3B0EF4C55452}.Release|iPhoneSimulator.Build.0 = Release|Any CPU
		{793C4A6A-FCBB-43B8-8654-30DF8F2CFE3C}.Ad-Hoc|iPhone.ActiveCfg = Ad-Hoc|iPhone
		{793C4A6A-FCBB-43B8-8654-30DF8F2CFE3C}.Ad-Hoc|iPhone.Build.0 = Ad-Hoc|iPhone
		{793C4A6A-FCBB-43B8-8654-30DF8F2CFE3C}.AppStore|iPhone.ActiveCfg = AppStore|iPhone
		{793C4A6A-FCBB-43B8-8654-30DF8F2CFE3C}.AppStore|iPhone.Build.0 = AppStore|iPhone
		{793C4A6A-FCBB-43B8-8654-30DF8F2CFE3C}.Debug|Any CPU.ActiveCfg = Debug|iPhoneSimulator
		{793C4A6A-FCBB-43B8-8654-30DF8F2CFE3C}.Debug|Any CPU.Build.0 = Debug|iPhoneSimulator
		{793C4A6A-FCBB-43B8-8654-30DF8F2CFE3C}.Debug|iPhone.ActiveCfg = Debug|iPhone
		{793C4A6A-FCBB-43B8-8654-30DF8F2CFE3C}.Debug|iPhone.Build.0 = Debug|iPhone
		{793C4A6A-FCBB-43B8-8654-30DF8F2CFE3C}.Debug|iPhoneSimulator.ActiveCfg = Debug|iPhoneSimulator
		{793C4A6A-FCBB-43B8-8654-30DF8F2CFE3C}.Debug|iPhoneSimulator.Build.0 = Debug|iPhoneSimulator
		{793C4A6A-FCBB-43B8-8654-30DF8F2CFE3C}.Release|Any CPU.ActiveCfg = Release|iPhoneSimulator
		{793C4A6A-FCBB-43B8-8654-30DF8F2CFE3C}.Release|Any CPU.Build.0 = Release|iPhoneSimulator
		{793C4A6A-FCBB-43B8-8654-30DF8F2CFE3C}.Release|iPhone.ActiveCfg = Release|iPhone
		{793C4A6A-FCBB-43B8-8654-30DF8F2CFE3C}.Release|iPhone.Build.0 = Release|iPhone
		{793C4A6A-FCBB-43B8-8654-30DF8F2CFE3C}.Release|iPhoneSimulator.ActiveCfg = Release|iPhoneSimulator
		{793C4A6A-FCBB-43B8-8654-30DF8F2CFE3C}.Release|iPhoneSimulator.Build.0 = Release|iPhoneSimulator
		{CD76821C-59BD-4A47-97E8-8CBD901768E5}.Ad-Hoc|iPhone.ActiveCfg = Debug|Any CPU
		{CD76821C-59BD-4A47-97E8-8CBD901768E5}.Ad-Hoc|iPhone.Build.0 = Debug|Any CPU
		{CD76821C-59BD-4A47-97E8-8CBD901768E5}.AppStore|iPhone.ActiveCfg = Debug|Any CPU
		{CD76821C-59BD-4A47-97E8-8CBD901768E5}.AppStore|iPhone.Build.0 = Debug|Any CPU
		{CD76821C-59BD-4A47-97E8-8CBD901768E5}.Debug|Any CPU.ActiveCfg = Debug|Any CPU
		{CD76821C-59BD-4A47-97E8-8CBD901768E5}.Debug|Any CPU.Build.0 = Debug|Any CPU
		{CD76821C-59BD-4A47-97E8-8CBD901768E5}.Debug|iPhone.ActiveCfg = Debug|Any CPU
		{CD76821C-59BD-4A47-97E8-8CBD901768E5}.Debug|iPhone.Build.0 = Debug|Any CPU
		{CD76821C-59BD-4A47-97E8-8CBD901768E5}.Debug|iPhoneSimulator.ActiveCfg = Debug|Any CPU
		{CD76821C-59BD-4A47-97E8-8CBD901768E5}.Debug|iPhoneSimulator.Build.0 = Debug|Any CPU
		{CD76821C-59BD-4A47-97E8-8CBD901768E5}.Release|Any CPU.ActiveCfg = Release|Any CPU
		{CD76821C-59BD-4A47-97E8-8CBD901768E5}.Release|Any CPU.Build.0 = Release|Any CPU
		{CD76821C-59BD-4A47-97E8-8CBD901768E5}.Release|iPhone.ActiveCfg = Release|Any CPU
		{CD76821C-59BD-4A47-97E8-8CBD901768E5}.Release|iPhone.Build.0 = Release|Any CPU
		{CD76821C-59BD-4A47-97E8-8CBD901768E5}.Release|iPhoneSimulator.ActiveCfg = Release|Any CPU
		{CD76821C-59BD-4A47-97E8-8CBD901768E5}.Release|iPhoneSimulator.Build.0 = Release|Any CPU
	EndGlobalSection
	GlobalSection(MonoDevelopProperties) = preSolution
		StartupItem = MovianRemote\MovianRemote.csproj
	EndGlobalSection
EndGlobal
